
Microsoft Visual Studio Solution File, Format Version 12.00
# Visual Studio Version 17
VisualStudioVersion = 17.10.35013.160
MinimumVisualStudioVersion = 10.0.40219.1
Project("{9A19103F-16F7-4668-BE54-9A1E7A4F7556}") = "TransactionService.Api", "TransactionService.Api\TransactionService.Api.csproj", "{B88B8E6E-E472-4A4A-9843-DB09DD367A3F}"
EndProject
Project("{9A19103F-16F7-4668-BE54-9A1E7A4F7556}") = "TransactionService.Application", "TransactionService.Application\TransactionService.Application.csproj", "{CDFFB70F-8079-430A-BCF6-D2BF8DD2AFF1}"
EndProject
Global
	GlobalSection(SolutionConfigurationPlatforms) = preSolution
		Debug|Any CPU = Debug|Any CPU
		Release|Any CPU = Release|Any CPU
	EndGlobalSection
	GlobalSection(ProjectConfigurationPlatforms) = postSolution
		{B88B8E6E-E472-4A4A-9843-DB09DD367A3F}.Debug|Any CPU.ActiveCfg = Debug|Any CPU
		{B88B8E6E-E472-4A4A-9843-DB09DD367A3F}.Debug|Any CPU.Build.0 = Debug|Any CPU
		{B88B8E6E-E472-4A4A-9843-DB09DD367A3F}.Release|Any CPU.ActiveCfg = Release|Any CPU
		{B88B8E6E-E472-4A4A-9843-DB09DD367A3F}.Release|Any CPU.Build.0 = Release|Any CPU
		{CDFFB70F-8079-430A-BCF6-D2BF8DD2AFF1}.Debug|Any CPU.ActiveCfg = Debug|Any CPU
		{CDFFB70F-8079-430A-BCF6-D2BF8DD2AFF1}.Debug|Any CPU.Build.0 = Debug|Any CPU
		{CDFFB70F-8079-430A-BCF6-D2BF8DD2AFF1}.Release|Any CPU.ActiveCfg = Release|Any CPU
		{CDFFB70F-8079-430A-BCF6-D2BF8DD2AFF1}.Release|Any CPU.Build.0 = Release|Any CPU
	EndGlobalSection
	GlobalSection(SolutionProperties) = preSolution
		HideSolutionNode = FALSE
	EndGlobalSection
	GlobalSection(ExtensibilityGlobals) = postSolution
		SolutionGuid = {60592DD0-4134-4B73-9DDD-B44716CD033B}
	EndGlobalSection
EndGlobal
